{
  "requires": true,
  "lockfileVersion": 1,
  "dependencies": {
    "@types/chai": {
      "version": "4.1.3",
      "resolved": "https://registry.npmjs.org/@types/chai/-/chai-4.1.3.tgz",
      "integrity": "sha512-f5dXGzOJycyzSMdaXVhiBhauL4dYydXwVpavfQ1mVCaGjR56a9QfklXObUxlIY9bGTmCPHEEZ04I16BZ/8w5ww=="
    },
    "@types/dropboxjs": {
      "version": "0.0.29",
      "resolved": "https://registry.npmjs.org/@types/dropboxjs/-/dropboxjs-0.0.29.tgz",
      "integrity": "sha1-BWY3xb4XuP0pIi5LZGPimzKLUVY="
    },
    "@types/filesystem": {
      "version": "0.0.28",
      "resolved": "https://registry.npmjs.org/@types/filesystem/-/filesystem-0.0.28.tgz",
      "integrity": "sha1-P9dzWDDyx0E8taxFeAvEWQRpew4=",
      "requires": {
        "@types/filewriter": "0.0.28"
      }
    },
    "@types/filewriter": {
      "version": "0.0.28",
      "resolved": "https://registry.npmjs.org/@types/filewriter/-/filewriter-0.0.28.tgz",
      "integrity": "sha1-wFTor02d11205jq8dviFFocU1LM="
    },
    "@types/mocha": {
      "version": "2.2.48",
      "resolved": "https://registry.npmjs.org/@types/mocha/-/mocha-2.2.48.tgz",
      "integrity": "sha512-nlK/iyETgafGli8Zh9zJVCTicvU3iajSkRwOh3Hhiva598CMqNJ4NcVCGMTGKpGpTYj/9R8RLzS9NAykSSCqGw=="
    },
    "@types/peerjs": {
      "version": "0.0.29",
      "resolved": "https://registry.npmjs.org/@types/peerjs/-/peerjs-0.0.29.tgz",
      "integrity": "sha512-4RrQyTY4Qyzd3EPAxrdKFLVRbkdILeTZp3kThe4pA7OLYLSyJsSRNeriSt7V5BCtvNC7CKFc5DGz1MTdAOqpTA==",
      "requires": {
        "@types/webrtc": "0.0.23"
      }
    },
    "@types/webrtc": {
      "version": "0.0.23",
      "resolved": "https://registry.npmjs.org/@types/webrtc/-/webrtc-0.0.23.tgz",
      "integrity": "sha512-mq3RpNvVoR2r5ts7gGJh+uHv2wgLUdu1r+rwsZoR5tmb9pCtj8uMC1BWpYQF/SZBtPaj9RfnbIvudk+ajdXP4w=="
    },
    "browsix": {
      "version": "github:SamGinzburg/browsix#130bbcf03ad6e63bf7ba7085ceb65fa617a13216",
      "requires": {
        "@types/chai": "4.1.3",
        "@types/dropboxjs": "0.0.29",
        "@types/filesystem": "0.0.28",
        "@types/mocha": "2.2.48",
        "@types/peerjs": "0.0.29",
        "node-binary-marshal": "github:SamGinzburg/node-binary-marshal#8cf49fe8fc0c306852e5005b400cda122834618b",
        "peerjs": "github:SamGinzburg/peerjs#bbd6dce339d1b04af94964cc886257b5d5495453",
        "term.js": "github:bpowers/term.js#f61d2ae70a4a6655bb3ecb560495e93cc99c25c9"
      },
      "dependencies": {
        "node-binary-marshal": {
          "version": "github:SamGinzburg/node-binary-marshal#8cf49fe8fc0c306852e5005b400cda122834618b"
        },
        "peerjs": {
          "version": "github:SamGinzburg/peerjs#bbd6dce339d1b04af94964cc886257b5d5495453",
          "requires": {
            "eventemitter3": "0.1.6",
            "reliable": "git+https://github.com/michelle/reliable.git#f09ba29d57a05beaa07990171f3fe7b746587aaa"
          }
        },
        "reliable": {
          "version": "git+https://github.com/michelle/reliable.git#f09ba29d57a05beaa07990171f3fe7b746587aaa",
          "requires": {
            "js-binarypack": "0.0.9"
          }
        },
        "term.js": {
          "version": "github:bpowers/term.js#f61d2ae70a4a6655bb3ecb560495e93cc99c25c9"
        }
      }
    },
    "eventemitter3": {
      "version": "0.1.6",
      "resolved": "https://registry.npmjs.org/eventemitter3/-/eventemitter3-0.1.6.tgz",
      "integrity": "sha1-jHrES4e6q1XNUMgo3Dh3jqwFLqU="
    },
    "js-binarypack": {
      "version": "0.0.9",
      "resolved": "https://registry.npmjs.org/js-binarypack/-/js-binarypack-0.0.9.tgz",
      "integrity": "sha1-RUJD094hKWHMFRSi8Rnewvr2QDU="
    },
    "timers": {
      "version": "0.1.1",
      "resolved": "https://registry.npmjs.org/timers/-/timers-0.1.1.tgz",
      "integrity": "sha1-hqxceMHuQZaU81pY3k/UGDz7nB4="
    },
    "xterm": {
      "version": "3.4.1",
      "resolved": "https://registry.npmjs.org/xterm/-/xterm-3.4.1.tgz",
      "integrity": "sha512-1G/EjBfrTDtot2SApnTyLw5dvXQpoiCLdwOe2BIvHjBmnn06Q34efTKecK5trrtCZcfqT+LyiuglGrQww/hvCg=="
    }
  }
}
